<Solution>
  <Project Path="benchmarks/DotNet.AdvancedCollections.Benchmarks/DotNet.AdvancedCollections.Benchmarks.csproj" />
  <Project Path="samples/DotNet.AdvancedCollections.Console/DotNet.AdvancedCollections.Console.csproj" Id="25d79fe7-966f-47e1-b15c-4ae7270743d4" />
  <Project Path="src/DotNet.AdvancedCollections/DotNet.AdvancedCollections.csproj" />
  <Project Path="tests/DotNet.AdvancedCollections.Tests/DotNet.AdvancedCollections.Tests.csproj" Id="7a26ef17-b4e0-43be-8f1d-a763b2790c29" />
</Solution>
